
Microsoft Visual Studio Solution File, Format Version 12.00
# Visual Studio 15
VisualStudioVersion = 15.0.28307.852
MinimumVisualStudioVersion = 10.0.40219.1
Project("{8BC9CEB8-8B4A-11D0-8D11-00A0C91BC942}") = "Paging", "Paging\Paging.vcxproj", "{15AD6A2A-522D-475A-BAB7-D29B7C0F0671}"
EndProject
Global
	GlobalSection(SolutionConfigurationPlatforms) = preSolution
		Debug|x64 = Debug|x64
		Debug|x86 = Debug|x86
		Release|x64 = Release|x64
		Release|x86 = Release|x86
	EndGlobalSection
	GlobalSection(ProjectConfigurationPlatforms) = postSolution
		{15AD6A2A-522D-475A-BAB7-D29B7C0F0671}.Debug|x64.ActiveCfg = Debug|x64
		{15AD6A2A-522D-475A-BAB7-D29B7C0F0671}.Debug|x64.Build.0 = Debug|x64
		{15AD6A2A-522D-475A-BAB7-D29B7C0F0671}.Debug|x86.ActiveCfg = Debug|Win32
		{15AD6A2A-522D-475A-BAB7-D29B7C0F0671}.Debug|x86.Build.0 = Debug|Win32
		{15AD6A2A-522D-475A-BAB7-D29B7C0F0671}.Release|x64.ActiveCfg = Release|x64
		{15AD6A2A-522D-475A-BAB7-D29B7C0F0671}.Release|x64.Build.0 = Release|x64
		{15AD6A2A-522D-475A-BAB7-D29B7C0F0671}.Release|x86.ActiveCfg = Release|Win32
		{15AD6A2A-522D-475A-BAB7-D29B7C0F0671}.Release|x86.Build.0 = Release|Win32
	EndGlobalSection
	GlobalSection(SolutionProperties) = preSolution
		HideSolutionNode = FALSE
	EndGlobalSection
	GlobalSection(ExtensibilityGlobals) = postSolution
		SolutionGuid = {2E39EE27-C7FD-4B3E-A181-562AA09F26F9}
	EndGlobalSection
EndGlobal
